
Microsoft Visual Studio Solution File, Format Version 12.00
# Visual Studio Version 17
VisualStudioVersion = 17.6.33723.286
MinimumVisualStudioVersion = 10.0.40219.1
Project("{FAE04EC0-301F-11D3-BF4B-00C04F79EFBC}") = "bmm kmm", "bmm kmm.csproj", "{316364D1-E824-48D2-9CAE-953155310F4E}"
EndProject
Global
	GlobalSection(SolutionConfigurationPlatforms) = preSolution
		Debug|Any CPU = Debug|Any CPU
		Release|Any CPU = Release|Any CPU
	EndGlobalSection
	GlobalSection(ProjectConfigurationPlatforms) = postSolution
		{316364D1-E824-48D2-9CAE-953155310F4E}.Debug|Any CPU.ActiveCfg = Debug|Any CPU
		{316364D1-E824-48D2-9CAE-953155310F4E}.Debug|Any CPU.Build.0 = Debug|Any CPU
		{316364D1-E824-48D2-9CAE-953155310F4E}.Release|Any CPU.ActiveCfg = Release|Any CPU
		{316364D1-E824-48D2-9CAE-953155310F4E}.Release|Any CPU.Build.0 = Release|Any CPU
	EndGlobalSection
	GlobalSection(SolutionProperties) = preSolution
		HideSolutionNode = FALSE
	EndGlobalSection
	GlobalSection(ExtensibilityGlobals) = postSolution
		SolutionGuid = {74C3E80A-8D9E-424B-ACA6-13D2AC6B0E2B}
	EndGlobalSection
EndGlobal
